# This file is automatically @generated by Poetry 1.5.0 and should not be changed by hand.

[[package]]
name = "polars"
version = "0.17.15"
description = "Blazingly fast DataFrame library"
optional = false
python-versions = ">=3.7"
files = [
    {file = "polars-0.17.15-cp37-abi3-macosx_10_7_x86_64.whl", hash = "sha256:e14f31799e73cd6aa7a5f28b7acc40fc0b70eb6f8554f8e9246bf7afc620a929"},
    {file = "polars-0.17.15-cp37-abi3-macosx_11_0_arm64.whl", hash = "sha256:9ecec1476764d615a0def5a35421e4a8f0f43dbf365cda7f95d79bb29d80da34"},
    {file = "polars-0.17.15-cp37-abi3-manylinux_2_17_aarch64.manylinux2014_aarch64.whl", hash = "sha256:0ce049ed923ff2a8902f8925bde0e10722e7a9747133b7d0856feb86000543bd"},
    {file = "polars-0.17.15-cp37-abi3-manylinux_2_17_x86_64.manylinux2014_x86_64.whl", hash = "sha256:2f3a723ee318f8f7e7330df82bb27c9efd3c345d3ecd03307389e4e1564f4df6"},
    {file = "polars-0.17.15-cp37-abi3-win_amd64.whl", hash = "sha256:112300a41b97291486edb604945275f7e5238ec1335f164f028e476c0401fca4"},
    {file = "polars-0.17.15.tar.gz", hash = "sha256:78a1d520279c0ade91712d19c530d7933e07885d87f09c0cd38daac6260162bf"},
]

[package.extras]
all = ["polars[connectorx,deltalake,fsspec,matplotlib,numpy,pandas,pyarrow,sqlalchemy,timezone,xlsx2csv,xlsxwriter]"]
connectorx = ["connectorx"]
deltalake = ["deltalake (>=0.8.0)"]
fsspec = ["fsspec"]
matplotlib = ["matplotlib"]
numpy = ["numpy (>=1.16.0)"]
pandas = ["pandas", "pyarrow (>=7.0.0)"]
pyarrow = ["pyarrow (>=7.0.0)"]
sqlalchemy = ["pandas", "sqlalchemy"]
timezone = ["backports.zoneinfo", "tzdata"]
xlsx2csv = ["xlsx2csv (>=0.8.0)"]
xlsxwriter = ["xlsxwriter"]

[metadata]
lock-version = "2.0"
python-versions = "^3.10"
content-hash = "c00939dc3ff23bff7efa484581dbc9cf0e2c665c0abc126c05c69b92ca416085"
